
Microsoft Visual Studio Solution File, Format Version 12.00
# Visual Studio Version 16
VisualStudioVersion = 16.0.31911.196
MinimumVisualStudioVersion = 10.0.40219.1
Project("{9A19103F-16F7-4668-BE54-9A1E7A4F7556}") = "CoreDemo", "CoreDemo\CoreDemo.csproj", "{D750DDDE-3BA6-48BF-A888-D3B224EFA61A}"
EndProject
Project("{9A19103F-16F7-4668-BE54-9A1E7A4F7556}") = "EntityLayer", "EntityLayer\EntityLayer.csproj", "{8C4AF190-5508-47F7-8B72-61D45C5079B0}"
EndProject
Project("{9A19103F-16F7-4668-BE54-9A1E7A4F7556}") = "DataAccessLayer", "DataAccessLayer\DataAccessLayer.csproj", "{69D61CC8-5502-4B2A-9BA6-030325E525E5}"
EndProject
Project("{9A19103F-16F7-4668-BE54-9A1E7A4F7556}") = "BusinessLayer", "BusinessLayer\BusinessLayer.csproj", "{D24E301F-D559-4E63-B490-BD9781B63F02}"
EndProject
Project("{9A19103F-16F7-4668-BE54-9A1E7A4F7556}") = "CoreLayer", "CoreLayer\CoreLayer.csproj", "{D37A43A3-D29F-4CC9-A5AB-B37D98EF3587}"
EndProject
Project("{FAE04EC0-301F-11D3-BF4B-00C04F79EFBC}") = "BlogApiDemo", "BlogApiDemo\BlogApiDemo.csproj", "{3B09CFCF-E42C-4C20-A866-B7D87FD9A0F6}"
EndProject
Global
	GlobalSection(SolutionConfigurationPlatforms) = preSolution
		Debug|Any CPU = Debug|Any CPU
		Release|Any CPU = Release|Any CPU
	EndGlobalSection
	GlobalSection(ProjectConfigurationPlatforms) = postSolution
		{D750DDDE-3BA6-48BF-A888-D3B224EFA61A}.Debug|Any CPU.ActiveCfg = Debug|Any CPU
		{D750DDDE-3BA6-48BF-A888-D3B224EFA61A}.Debug|Any CPU.Build.0 = Debug|Any CPU
		{D750DDDE-3BA6-48BF-A888-D3B224EFA61A}.Release|Any CPU.ActiveCfg = Release|Any CPU
		{D750DDDE-3BA6-48BF-A888-D3B224EFA61A}.Release|Any CPU.Build.0 = Release|Any CPU
		{8C4AF190-5508-47F7-8B72-61D45C5079B0}.Debug|Any CPU.ActiveCfg = Debug|Any CPU
		{8C4AF190-5508-47F7-8B72-61D45C5079B0}.Debug|Any CPU.Build.0 = Debug|Any CPU
		{8C4AF190-5508-47F7-8B72-61D45C5079B0}.Release|Any CPU.ActiveCfg = Release|Any CPU
		{8C4AF190-5508-47F7-8B72-61D45C5079B0}.Release|Any CPU.Build.0 = Release|Any CPU
		{69D61CC8-5502-4B2A-9BA6-030325E525E5}.Debug|Any CPU.ActiveCfg = Debug|Any CPU
		{69D61CC8-5502-4B2A-9BA6-030325E525E5}.Debug|Any CPU.Build.0 = Debug|Any CPU
		{69D61CC8-5502-4B2A-9BA6-030325E525E5}.Release|Any CPU.ActiveCfg = Release|Any CPU
		{69D61CC8-5502-4B2A-9BA6-030325E525E5}.Release|Any CPU.Build.0 = Release|Any CPU
		{D24E301F-D559-4E63-B490-BD9781B63F02}.Debug|Any CPU.ActiveCfg = Debug|Any CPU
		{D24E301F-D559-4E63-B490-BD9781B63F02}.Debug|Any CPU.Build.0 = Debug|Any CPU
		{D24E301F-D559-4E63-B490-BD9781B63F02}.Release|Any CPU.ActiveCfg = Release|Any CPU
		{D24E301F-D559-4E63-B490-BD9781B63F02}.Release|Any CPU.Build.0 = Release|Any CPU
		{D37A43A3-D29F-4CC9-A5AB-B37D98EF3587}.Debug|Any CPU.ActiveCfg = Debug|Any CPU
		{D37A43A3-D29F-4CC9-A5AB-B37D98EF3587}.Debug|Any CPU.Build.0 = Debug|Any CPU
		{D37A43A3-D29F-4CC9-A5AB-B37D98EF3587}.Release|Any CPU.ActiveCfg = Release|Any CPU
		{D37A43A3-D29F-4CC9-A5AB-B37D98EF3587}.Release|Any CPU.Build.0 = Release|Any CPU
		{3B09CFCF-E42C-4C20-A866-B7D87FD9A0F6}.Debug|Any CPU.ActiveCfg = Debug|Any CPU
		{3B09CFCF-E42C-4C20-A866-B7D87FD9A0F6}.Debug|Any CPU.Build.0 = Debug|Any CPU
		{3B09CFCF-E42C-4C20-A866-B7D87FD9A0F6}.Release|Any CPU.ActiveCfg = Release|Any CPU
		{3B09CFCF-E42C-4C20-A866-B7D87FD9A0F6}.Release|Any CPU.Build.0 = Release|Any CPU
	EndGlobalSection
	GlobalSection(SolutionProperties) = preSolution
		HideSolutionNode = FALSE
	EndGlobalSection
	GlobalSection(ExtensibilityGlobals) = postSolution
		SolutionGuid = {501D0196-B01F-4FEE-8693-4BDD5B5C66AC}
	EndGlobalSection
EndGlobal
